
Microsoft Visual Studio Solution File, Format Version 12.00
# Visual Studio Version 17
VisualStudioVersion = 17.5.33424.131
MinimumVisualStudioVersion = 10.0.40219.1
Project("{FAE04EC0-301F-11D3-BF4B-00C04F79EFBC}") = "ChessBoardGUIApp", "ChessBoardGUIApp\ChessBoardGUIApp.csproj", "{411E751D-1C68-4935-BF68-F5044488104C}"
EndProject
Project("{FAE04EC0-301F-11D3-BF4B-00C04F79EFBC}") = "ChessBoardModel", "ChessBoardModel\ChessBoardModel.csproj", "{C032ED50-D904-4778-A72C-4BD19218D240}"
EndProject
Global
	GlobalSection(SolutionConfigurationPlatforms) = preSolution
		Debug|Any CPU = Debug|Any CPU
		Release|Any CPU = Release|Any CPU
	EndGlobalSection
	GlobalSection(ProjectConfigurationPlatforms) = postSolution
		{411E751D-1C68-4935-BF68-F5044488104C}.Debug|Any CPU.ActiveCfg = Debug|Any CPU
		{411E751D-1C68-4935-BF68-F5044488104C}.Debug|Any CPU.Build.0 = Debug|Any CPU
		{411E751D-1C68-4935-BF68-F5044488104C}.Release|Any CPU.ActiveCfg = Release|Any CPU
		{411E751D-1C68-4935-BF68-F5044488104C}.Release|Any CPU.Build.0 = Release|Any CPU
		{C032ED50-D904-4778-A72C-4BD19218D240}.Debug|Any CPU.ActiveCfg = Debug|Any CPU
		{C032ED50-D904-4778-A72C-4BD19218D240}.Debug|Any CPU.Build.0 = Debug|Any CPU
		{C032ED50-D904-4778-A72C-4BD19218D240}.Release|Any CPU.ActiveCfg = Release|Any CPU
		{C032ED50-D904-4778-A72C-4BD19218D240}.Release|Any CPU.Build.0 = Release|Any CPU
	EndGlobalSection
	GlobalSection(SolutionProperties) = preSolution
		HideSolutionNode = FALSE
	EndGlobalSection
	GlobalSection(ExtensibilityGlobals) = postSolution
		SolutionGuid = {9E8CB712-07A7-4DDE-9A1A-7B55EB3209C4}
	EndGlobalSection
EndGlobal
